// !$*UTF8*$!
{
	archiveVersion = 1;
	classes = {
	};
	objectVersion = 56;
	objects = {

/* Begin PBXBuildFile section */
		1D1176532A3C762700C0D738 /* AppDelegate.swift in Sources */ = {isa = PBXBuildFile; fileRef = 1D1176522A3C762700C0D738 /* AppDelegate.swift */; };
		1D1176552A3C762700C0D738 /* SceneDelegate.swift in Sources */ = {isa = PBXBuildFile; fileRef = 1D1176542A3C762700C0D738 /* SceneDelegate.swift */; };
		1D1176572A3C762700C0D738 /* ViewController.swift in Sources */ = {isa = PBXBuildFile; fileRef = 1D1176562A3C762700C0D738 /* ViewController.swift */; };
		1D11765A2A3C762700C0D738 /* Main.storyboard in Resources */ = {isa = PBXBuildFile; fileRef = 1D1176582A3C762700C0D738 /* Main.storyboard */; };
		1D11765C2A3C762900C0D738 /* Assets.xcassets in Resources */ = {isa = PBXBuildFile; fileRef = 1D11765B2A3C762900C0D738 /* Assets.xcassets */; };
		1D11765F2A3C762900C0D738 /* LaunchScreen.storyboard in Resources */ = {isa = PBXBuildFile; fileRef = 1D11765D2A3C762900C0D738 /* LaunchScreen.storyboard */; };
		1D11766A2A3C762900C0D738 /* firebaseTests.swift in Sources */ = {isa = PBXBuildFile; fileRef = 1D1176692A3C762900C0D738 /* firebaseTests.swift */; };
		1D1176742A3C762900C0D738 /* firebaseUITests.swift in Sources */ = {isa = PBXBuildFile; fileRef = 1D1176732A3C762900C0D738 /* firebaseUITests.swift */; };
		1D1176762A3C762900C0D738 /* firebaseUITestsLaunchTests.swift in Sources */ = {isa = PBXBuildFile; fileRef = 1D1176752A3C762900C0D738 /* firebaseUITestsLaunchTests.swift */; };
		1D1176832A3C77F900C0D738 /* GoogleService-Info.plist in Resources */ = {isa = PBXBuildFile; fileRef = 1D1176822A3C77F900C0D738 /* GoogleService-Info.plist */; };
		1D1176862A3C788C00C0D738 /* FirebaseDatabase in Frameworks */ = {isa = PBXBuildFile; productRef = 1D1176852A3C788C00C0D738 /* FirebaseDatabase */; };
		1D1176882A3C7A0300C0D738 /* Kisiler.swift in Sources */ = {isa = PBXBuildFile; fileRef = 1D1176872A3C7A0300C0D738 /* Kisiler.swift */; };
/* End PBXBuildFile section */

/* Begin PBXContainerItemProxy section */
		1D1176662A3C762900C0D738 /* PBXContainerItemProxy */ = {
			isa = PBXContainerItemProxy;
			containerPortal = 1D1176472A3C762700C0D738 /* Project object */;
			proxyType = 1;
			remoteGlobalIDString = 1D11764E2A3C762700C0D738;
			remoteInfo = firebase;
		};
		1D1176702A3C762900C0D738 /* PBXContainerItemProxy */ = {
			isa = PBXContainerItemProxy;
			containerPortal = 1D1176472A3C762700C0D738 /* Project object */;
			proxyType = 1;
			remoteGlobalIDString = 1D11764E2A3C762700C0D738;
			remoteInfo = firebase;
		};
/* End PBXContainerItemProxy section */

/* Begin PBXFileReference section */
		1D11764F2A3C762700C0D738 /* firebase.app */ = {isa = PBXFileReference; explicitFileType = wrapper.application; includeInIndex = 0; path = firebase.app; sourceTree = BUILT_PRODUCTS_DIR; };
		1D1176522A3C762700C0D738 /* AppDelegate.swift */ = {isa = PBXFileReference; lastKnownFileType = sourcecode.swift; path = AppDelegate.swift; sourceTree = "<group>"; };
		1D1176542A3C762700C0D738 /* SceneDelegate.swift */ = {isa = PBXFileReference; lastKnownFileType = sourcecode.swift; path = SceneDelegate.swift; sourceTree = "<group>"; };
		1D1176562A3C762700C0D738 /* ViewController.swift */ = {isa = PBXFileReference; lastKnownFileType = sourcecode.swift; path = ViewController.swift; sourceTree = "<group>"; };
		1D1176592A3C762700C0D738 /* Base */ = {isa = PBXFileReference; lastKnownFileType = file.storyboard; name = Base; path = Base.lproj/Main.storyboard; sourceTree = "<group>"; };
		1D11765B2A3C762900C0D738 /* Assets.xcassets */ = {isa = PBXFileReference; lastKnownFileType = folder.assetcatalog; path = Assets.xcassets; sourceTree = "<group>"; };
		1D11765E2A3C762900C0D738 /* Base */ = {isa = PBXFileReference; lastKnownFileType = file.storyboard; name = Base; path = Base.lproj/LaunchScreen.storyboard; sourceTree = "<group>"; };
		1D1176602A3C762900C0D738 /* Info.plist */ = {isa = PBXFileReference; lastKnownFileType = text.plist.xml; path = Info.plist; sourceTree = "<group>"; };
		1D1176652A3C762900C0D738 /* firebaseTests.xctest */ = {isa = PBXFileReference; explicitFileType = wrapper.cfbundle; includeInIndex = 0; path = firebaseTests.xctest; sourceTree = BUILT_PRODUCTS_DIR; };
		1D1176692A3C762900C0D738 /* firebaseTests.swift */ = {isa = PBXFileReference; lastKnownFileType = sourcecode.swift; path = firebaseTests.swift; sourceTree = "<group>"; };
		1D11766F2A3C762900C0D738 /* firebaseUITests.xctest */ = {isa = PBXFileReference; explicitFileType = wrapper.cfbundle; includeInIndex = 0; path = firebaseUITests.xctest; sourceTree = BUILT_PRODUCTS_DIR; };
		1D1176732A3C762900C0D738 /* firebaseUITests.swift */ = {isa = PBXFileReference; lastKnownFileType = sourcecode.swift; path = firebaseUITests.swift; sourceTree = "<group>"; };
		1D1176752A3C762900C0D738 /* firebaseUITestsLaunchTests.swift */ = {isa = PBXFileReference; lastKnownFileType = sourcecode.swift; path = firebaseUITestsLaunchTests.swift; sourceTree = "<group>"; };
		1D1176822A3C77F900C0D738 /* GoogleService-Info.plist */ = {isa = PBXFileReference; fileEncoding = 4; lastKnownFileType = text.plist.xml; path = "GoogleService-Info.plist"; sourceTree = "<group>"; };
		1D1176872A3C7A0300C0D738 /* Kisiler.swift */ = {isa = PBXFileReference; lastKnownFileType = sourcecode.swift; path = Kisiler.swift; sourceTree = "<group>"; };
/* End PBXFileReference section */

/* Begin PBXFrameworksBuildPhase section */
		1D11764C2A3C762700C0D738 /* Frameworks */ = {
			isa = PBXFrameworksBuildPhase;
			buildActionMask = 2147483647;
			files = (
				1D1176862A3C788C00C0D738 /* FirebaseDatabase in Frameworks */,
			);
			runOnlyForDeploymentPostprocessing = 0;
		};
		1D1176622A3C762900C0D738 /* Frameworks */ = {
			isa = PBXFrameworksBuildPhase;
			buildActionMask = 2147483647;
			files = (
			);
			runOnlyForDeploymentPostprocessing = 0;
		};
		1D11766C2A3C762900C0D738 /* Frameworks */ = {
			isa = PBXFrameworksBuildPhase;
			buildActionMask = 2147483647;
			files = (
			);
			runOnlyForDeploymentPostprocessing = 0;
		};
/* End PBXFrameworksBuildPhase section */

/* Begin PBXGroup section */
		1D1176462A3C762700C0D738 = {
			isa = PBXGroup;
			children = (
				1D1176512A3C762700C0D738 /* firebase */,
				1D1176682A3C762900C0D738 /* firebaseTests */,
				1D1176722A3C762900C0D738 /* firebaseUITests */,
				1D1176502A3C762700C0D738 /* Products */,
			);
			sourceTree = "<group>";
		};
		1D1176502A3C762700C0D738 /* Products */ = {
			isa = PBXGroup;
			children = (
				1D11764F2A3C762700C0D738 /* firebase.app */,
				1D1176652A3C762900C0D738 /* firebaseTests.xctest */,
				1D11766F2A3C762900C0D738 /* firebaseUITests.xctest */,
			);
			name = Products;
			sourceTree = "<group>";
		};
		1D1176512A3C762700C0D738 /* firebase */ = {
			isa = PBXGroup;
			children = (
				1D1176522A3C762700C0D738 /* AppDelegate.swift */,
				1D1176542A3C762700C0D738 /* SceneDelegate.swift */,
				1D1176562A3C762700C0D738 /* ViewController.swift */,
				1D1176582A3C762700C0D738 /* Main.storyboard */,
				1D11765B2A3C762900C0D738 /* Assets.xcassets */,
				1D11765D2A3C762900C0D738 /* LaunchScreen.storyboard */,
				1D1176602A3C762900C0D738 /* Info.plist */,
				1D1176822A3C77F900C0D738 /* GoogleService-Info.plist */,
				1D1176872A3C7A0300C0D738 /* Kisiler.swift */,
			);
			path = firebase;
			sourceTree = "<group>";
		};
		1D1176682A3C762900C0D738 /* firebaseTests */ = {
			isa = PBXGroup;
			children = (
				1D1176692A3C762900C0D738 /* firebaseTests.swift */,
			);
			path = firebaseTests;
			sourceTree = "<group>";
		};
		1D1176722A3C762900C0D738 /* firebaseUITests */ = {
			isa = PBXGroup;
			children = (
				1D1176732A3C762900C0D738 /* firebaseUITests.swift */,
				1D1176752A3C762900C0D738 /* firebaseUITestsLaunchTests.swift */,
			);
			path = firebaseUITests;
			sourceTree = "<group>";
		};
/* End PBXGroup section */

/* Begin PBXNativeTarget section */
		1D11764E2A3C762700C0D738 /* firebase */ = {
			isa = PBXNativeTarget;
			buildConfigurationList = 1D1176792A3C762900C0D738 /* Build configuration list for PBXNativeTarget "firebase" */;
			buildPhases = (
				1D11764B2A3C762700C0D738 /* Sources */,
				1D11764C2A3C762700C0D738 /* Frameworks */,
				1D11764D2A3C762700C0D738 /* Resources */,
			);
			buildRules = (
			);
			dependencies = (
			);
			name = firebase;
			packageProductDependencies = (
				1D1176852A3C788C00C0D738 /* FirebaseDatabase */,
			);
			productName = firebase;
			productReference = 1D11764F2A3C762700C0D738 /* firebase.app */;
			productType = "com.apple.product-type.application";
		};
		1D1176642A3C762900C0D738 /* firebaseTests */ = {
			isa = PBXNativeTarget;
			buildConfigurationList = 1D11767C2A3C762900C0D738 /* Build configuration list for PBXNativeTarget "firebaseTests" */;
			buildPhases = (
				1D1176612A3C762900C0D738 /* Sources */,
				1D1176622A3C762900C0D738 /* Frameworks */,
				1D1176632A3C762900C0D738 /* Resources */,
			);
			buildRules = (
			);
			dependencies = (
				1D1176672A3C762900C0D738 /* PBXTargetDependency */,
			);
			name = firebaseTests;
			productName = firebaseTests;
			productReference = 1D1176652A3C762900C0D738 /* firebaseTests.xctest */;
			productType = "com.apple.product-type.bundle.unit-test";
		};
		1D11766E2A3C762900C0D738 /* firebaseUITests */ = {
			isa = PBXNativeTarget;
			buildConfigurationList = 1D11767F2A3C762900C0D738 /* Build configuration list for PBXNativeTarget "firebaseUITests" */;
			buildPhases = (
				1D11766B2A3C762900C0D738 /* Sources */,
				1D11766C2A3C762900C0D738 /* Frameworks */,
				1D11766D2A3C762900C0D738 /* Resources */,
			);
			buildRules = (
			);
			dependencies = (
				1D1176712A3C762900C0D738 /* PBXTargetDependency */,
			);
			name = firebaseUITests;
			productName = firebaseUITests;
			productReference = 1D11766F2A3C762900C0D738 /* firebaseUITests.xctest */;
			productType = "com.apple.product-type.bundle.ui-testing";
		};
/* End PBXNativeTarget section */

/* Begin PBXProject section */
		1D1176472A3C762700C0D738 /* Project object */ = {
			isa = PBXProject;
			attributes = {
				BuildIndependentTargetsInParallel = 1;
				LastSwiftUpdateCheck = 1430;
				LastUpgradeCheck = 1430;
				TargetAttributes = {
					1D11764E2A3C762700C0D738 = {
						CreatedOnToolsVersion = 14.3.1;
					};
					1D1176642A3C762900C0D738 = {
						CreatedOnToolsVersion = 14.3.1;
						TestTargetID = 1D11764E2A3C762700C0D738;
					};
					1D11766E2A3C762900C0D738 = {
						CreatedOnToolsVersion = 14.3.1;
						TestTargetID = 1D11764E2A3C762700C0D738;
					};
				};
			};
			buildConfigurationList = 1D11764A2A3C762700C0D738 /* Build configuration list for PBXProject "firebase" */;
			compatibilityVersion = "Xcode 14.0";
			developmentRegion = en;
			hasScannedForEncodings = 0;
			knownRegions = (
				en,
				Base,
			);
			mainGroup = 1D1176462A3C762700C0D738;
			packageReferences = (
				1D1176842A3C788C00C0D738 /* XCRemoteSwiftPackageReference "firebase-ios-sdk" */,
			);
			productRefGroup = 1D1176502A3C762700C0D738 /* Products */;
			projectDirPath = "";
			projectRoot = "";
			targets = (
				1D11764E2A3C762700C0D738 /* firebase */,
				1D1176642A3C762900C0D738 /* firebaseTests */,
				1D11766E2A3C762900C0D738 /* firebaseUITests */,
			);
		};
/* End PBXProject section */

/* Begin PBXResourcesBuildPhase section */
		1D11764D2A3C762700C0D738 /* Resources */ = {
			isa = PBXResourcesBuildPhase;
			buildActionMask = 2147483647;
			files = (
				1D11765F2A3C762900C0D738 /* LaunchScreen.storyboard in Resources */,
				1D1176832A3C77F900C0D738 /* GoogleService-Info.plist in Resources */,
				1D11765C2A3C762900C0D738 /* Assets.xcassets in Resources */,
				1D11765A2A3C762700C0D738 /* Main.storyboard in Resources */,
			);
			runOnlyForDeploymentPostprocessing = 0;
		};
		1D1176632A3C762900C0D738 /* Resources */ = {
			isa = PBXResourcesBuildPhase;
			buildActionMask = 2147483647;
			files = (
			);
			runOnlyForDeploymentPostprocessing = 0;
		};
		1D11766D2A3C762900C0D738 /* Resources */ = {
			isa = PBXResourcesBuildPhase;
			buildActionMask = 2147483647;
			files = (
			);
			runOnlyForDeploymentPostprocessing = 0;
		};
/* End PBXResourcesBuildPhase section */

/* Begin PBXSourcesBuildPhase section */
		1D11764B2A3C762700C0D738 /* Sources */ = {
			isa = PBXSourcesBuildPhase;
			buildActionMask = 2147483647;
			files = (
				1D1176572A3C762700C0D738 /* ViewController.swift in Sources */,
				1D1176532A3C762700C0D738 /* AppDelegate.swift in Sources */,
				1D1176552A3C762700C0D738 /* SceneDelegate.swift in Sources */,
				1D1176882A3C7A0300C0D738 /* Kisiler.swift in Sources */,
			);
			runOnlyForDeploymentPostprocessing = 0;
		};
		1D1176612A3C762900C0D738 /* Sources */ = {
			isa = PBXSourcesBuildPhase;
			buildActionMask = 2147483647;
			files = (
				1D11766A2A3C762900C0D738 /* firebaseTests.swift in Sources */,
			);
			runOnlyForDeploymentPostprocessing = 0;
		};
		1D11766B2A3C762900C0D738 /* Sources */ = {
			isa = PBXSourcesBuildPhase;
			buildActionMask = 2147483647;
			files = (
				1D1176762A3C762900C0D738 /* firebaseUITestsLaunchTests.swift in Sources */,
				1D1176742A3C762900C0D738 /* firebaseUITests.swift in Sources */,
			);
			runOnlyForDeploymentPostprocessing = 0;
		};
/* End PBXSourcesBuildPhase section */

/* Begin PBXTargetDependency section */
		1D1176672A3C762900C0D738 /* PBXTargetDependency */ = {
			isa = PBXTargetDependency;
			target = 1D11764E2A3C762700C0D738 /* firebase */;
			targetProxy = 1D1176662A3C762900C0D738 /* PBXContainerItemProxy */;
		};
		1D1176712A3C762900C0D738 /* PBXTargetDependency */ = {
			isa = PBXTargetDependency;
			target = 1D11764E2A3C762700C0D738 /* firebase */;
			targetProxy = 1D1176702A3C762900C0D738 /* PBXContainerItemProxy */;
		};
/* End PBXTargetDependency section */

/* Begin PBXVariantGroup section */
		1D1176582A3C762700C0D738 /* Main.storyboard */ = {
			isa = PBXVariantGroup;
			children = (
				1D1176592A3C762700C0D738 /* Base */,
			);
			name = Main.storyboard;
			sourceTree = "<group>";
		};
		1D11765D2A3C762900C0D738 /* LaunchScreen.storyboard */ = {
			isa = PBXVariantGroup;
			children = (
				1D11765E2A3C762900C0D738 /* Base */,
			);
			name = LaunchScreen.storyboard;
			sourceTree = "<group>";
		};
/* End PBXVariantGroup section */

/* Begin XCBuildConfiguration section */
		1D1176772A3C762900C0D738 /* Debug */ = {
			isa = XCBuildConfiguration;
			buildSettings = {
				ALWAYS_SEARCH_USER_PATHS = NO;
				CLANG_ANALYZER_NONNULL = YES;
				CLANG_ANALYZER_NUMBER_OBJECT_CONVERSION = YES_AGGRESSIVE;
				CLANG_CXX_LANGUAGE_STANDARD = "gnu++20";
				CLANG_ENABLE_MODULES = YES;
				CLANG_ENABLE_OBJC_ARC = YES;
				CLANG_ENABLE_OBJC_WEAK = YES;
				CLANG_WARN_BLOCK_CAPTURE_AUTORELEASING = YES;
				CLANG_WARN_BOOL_CONVERSION = YES;
				CLANG_WARN_COMMA = YES;
				CLANG_WARN_CONSTANT_CONVERSION = YES;
				CLANG_WARN_DEPRECATED_OBJC_IMPLEMENTATIONS = YES;
				CLANG_WARN_DIRECT_OBJC_ISA_USAGE = YES_ERROR;
				CLANG_WARN_DOCUMENTATION_COMMENTS = YES;
				CLANG_WARN_EMPTY_BODY = YES;
				CLANG_WARN_ENUM_CONVERSION = YES;
				CLANG_WARN_INFINITE_RECURSION = YES;
				CLANG_WARN_INT_CONVERSION = YES;
				CLANG_WARN_NON_LITERAL_NULL_CONVERSION = YES;
				CLANG_WARN_OBJC_IMPLICIT_RETAIN_SELF = YES;
				CLANG_WARN_OBJC_LITERAL_CONVERSION = YES;
				CLANG_WARN_OBJC_ROOT_CLASS = YES_ERROR;
				CLANG_WARN_QUOTED_INCLUDE_IN_FRAMEWORK_HEADER = YES;
				CLANG_WARN_RANGE_LOOP_ANALYSIS = YES;
				CLANG_WARN_STRICT_PROTOTYPES = YES;
				CLANG_WARN_SUSPICIOUS_MOVE = YES;
				CLANG_WARN_UNGUARDED_AVAILABILITY = YES_AGGRESSIVE;
				CLANG_WARN_UNREACHABLE_CODE = YES;
				CLANG_WARN__DUPLICATE_METHOD_MATCH = YES;
				COPY_PHASE_STRIP = NO;
				DEBUG_INFORMATION_FORMAT = dwarf;
				ENABLE_STRICT_OBJC_MSGSEND = YES;
				ENABLE_TESTABILITY = YES;
				GCC_C_LANGUAGE_STANDARD = gnu11;
				GCC_DYNAMIC_NO_PIC = NO;
				GCC_NO_COMMON_BLOCKS = YES;
				GCC_OPTIMIZATION_LEVEL = 0;
				GCC_PREPROCESSOR_DEFINITIONS = (
					"DEBUG=1",
					"$(inherited)",
				);
				GCC_WARN_64_TO_32_BIT_CONVERSION = YES;
				GCC_WARN_ABOUT_RETURN_TYPE = YES_ERROR;
				GCC_WARN_UNDECLARED_SELECTOR = YES;
				GCC_WARN_UNINITIALIZED_AUTOS = YES_AGGRESSIVE;
				GCC_WARN_UNUSED_FUNCTION = YES;
				GCC_WARN_UNUSED_VARIABLE = YES;
				IPHONEOS_DEPLOYMENT_TARGET = 16.4;
				MTL_ENABLE_DEBUG_INFO = INCLUDE_SOURCE;
				MTL_FAST_MATH = YES;
				ONLY_ACTIVE_ARCH = YES;
				SDKROOT = iphoneos;
				SWIFT_ACTIVE_COMPILATION_CONDITIONS = DEBUG;
				SWIFT_OPTIMIZATION_LEVEL = "-Onone";
			};
			name = Debug;
		};
		1D1176782A3C762900C0D738 /* Release */ = {
			isa = XCBuildConfiguration;
			buildSettings = {
				ALWAYS_SEARCH_USER_PATHS = NO;
				CLANG_ANALYZER_NONNULL = YES;
				CLANG_ANALYZER_NUMBER_OBJECT_CONVERSION = YES_AGGRESSIVE;
				CLANG_CXX_LANGUAGE_STANDARD = "gnu++20";
				CLANG_ENABLE_MODULES = YES;
				CLANG_ENABLE_OBJC_ARC = YES;
				CLANG_ENABLE_OBJC_WEAK = YES;
				CLANG_WARN_BLOCK_CAPTURE_AUTORELEASING = YES;
				CLANG_WARN_BOOL_CONVERSION = YES;
				CLANG_WARN_COMMA = YES;
				CLANG_WARN_CONSTANT_CONVERSION = YES;
				CLANG_WARN_DEPRECATED_OBJC_IMPLEMENTATIONS = YES;
				CLANG_WARN_DIRECT_OBJC_ISA_USAGE = YES_ERROR;
				CLANG_WARN_DOCUMENTATION_COMMENTS = YES;
				CLANG_WARN_EMPTY_BODY = YES;
				CLANG_WARN_ENUM_CONVERSION = YES;
				CLANG_WARN_INFINITE_RECURSION = YES;
				CLANG_WARN_INT_CONVERSION = YES;
				CLANG_WARN_NON_LITERAL_NULL_CONVERSION = YES;
				CLANG_WARN_OBJC_IMPLICIT_RETAIN_SELF = YES;
				CLANG_WARN_OBJC_LITERAL_CONVERSION = YES;
				CLANG_WARN_OBJC_ROOT_CLASS = YES_ERROR;
				CLANG_WARN_QUOTED_INCLUDE_IN_FRAMEWORK_HEADER = YES;
				CLANG_WARN_RANGE_LOOP_ANALYSIS = YES;
				CLANG_WARN_STRICT_PROTOTYPES = YES;
				CLANG_WARN_SUSPICIOUS_MOVE = YES;
				CLANG_WARN_UNGUARDED_AVAILABILITY = YES_AGGRESSIVE;
				CLANG_WARN_UNREACHABLE_CODE = YES;
				CLANG_WARN__DUPLICATE_METHOD_MATCH = YES;
				COPY_PHASE_STRIP = NO;
				DEBUG_INFORMATION_FORMAT = "dwarf-with-dsym";
				ENABLE_NS_ASSERTIONS = NO;
				ENABLE_STRICT_OBJC_MSGSEND = YES;
				GCC_C_LANGUAGE_STANDARD = gnu11;
				GCC_NO_COMMON_BLOCKS = YES;
				GCC_WARN_64_TO_32_BIT_CONVERSION = YES;
				GCC_WARN_ABOUT_RETURN_TYPE = YES_ERROR;
				GCC_WARN_UNDECLARED_SELECTOR = YES;
				GCC_WARN_UNINITIALIZED_AUTOS = YES_AGGRESSIVE;
				GCC_WARN_UNUSED_FUNCTION = YES;
				GCC_WARN_UNUSED_VARIABLE = YES;
				IPHONEOS_DEPLOYMENT_TARGET = 16.4;
				MTL_ENABLE_DEBUG_INFO = NO;
				MTL_FAST_MATH = YES;
				SDKROOT = iphoneos;
				SWIFT_COMPILATION_MODE = wholemodule;
				SWIFT_OPTIMIZATION_LEVEL = "-O";
				VALIDATE_PRODUCT = YES;
			};
			name = Release;
		};
		1D11767A2A3C762900C0D738 /* Debug */ = {
			isa = XCBuildConfiguration;
			buildSettings = {
				ASSETCATALOG_COMPILER_APPICON_NAME = AppIcon;
				ASSETCATALOG_COMPILER_GLOBAL_ACCENT_COLOR_NAME = AccentColor;
				CODE_SIGN_STYLE = Automatic;
				CURRENT_PROJECT_VERSION = 1;
				DEVELOPMENT_TEAM = K6QQKCTVVC;
				GENERATE_INFOPLIST_FILE = YES;
				INFOPLIST_FILE = firebase/Info.plist;
				INFOPLIST_KEY_UIApplicationSupportsIndirectInputEvents = YES;
				INFOPLIST_KEY_UILaunchStoryboardName = LaunchScreen;
				INFOPLIST_KEY_UIMainStoryboardFile = Main;
				INFOPLIST_KEY_UISupportedInterfaceOrientations_iPad = "UIInterfaceOrientationPortrait UIInterfaceOrientationPortraitUpsideDown UIInterfaceOrientationLandscapeLeft UIInterfaceOrientationLandscapeRight";
				INFOPLIST_KEY_UISupportedInterfaceOrientations_iPhone = "UIInterfaceOrientationPortrait UIInterfaceOrientationLandscapeLeft UIInterfaceOrientationLandscapeRight";
				IPHONEOS_DEPLOYMENT_TARGET = 13.5;
				LD_RUNPATH_SEARCH_PATHS = (
					"$(inherited)",
					"@executable_path/Frameworks",
				);
				MARKETING_VERSION = 1.0;
				PRODUCT_BUNDLE_IDENTIFIER = com.sarigilcagdas.firebase;
				PRODUCT_NAME = "$(TARGET_NAME)";
				SWIFT_EMIT_LOC_STRINGS = YES;
				SWIFT_VERSION = 5.0;
				TARGETED_DEVICE_FAMILY = "1,2";
			};
			name = Debug;
		};
		1D11767B2A3C762900C0D738 /* Release */ = {
			isa = XCBuildConfiguration;
			buildSettings = {
				ASSETCATALOG_COMPILER_APPICON_NAME = AppIcon;
				ASSETCATALOG_COMPILER_GLOBAL_ACCENT_COLOR_NAME = AccentColor;
				CODE_SIGN_STYLE = Automatic;
				CURRENT_PROJECT_VERSION = 1;
				DEVELOPMENT_TEAM = K6QQKCTVVC;
				GENERATE_INFOPLIST_FILE = YES;
				INFOPLIST_FILE = firebase/Info.plist;
				INFOPLIST_KEY_UIApplicationSupportsIndirectInputEvents = YES;
				INFOPLIST_KEY_UILaunchStoryboardName = LaunchScreen;
				INFOPLIST_KEY_UIMainStoryboardFile = Main;
				INFOPLIST_KEY_UISupportedInterfaceOrientations_iPad = "UIInterfaceOrientationPortrait UIInterfaceOrientationPortraitUpsideDown UIInterfaceOrientationLandscapeLeft UIInterfaceOrientationLandscapeRight";
				INFOPLIST_KEY_UISupportedInterfaceOrientations_iPhone = "UIInterfaceOrientationPortrait UIInterfaceOrientationLandscapeLeft UIInterfaceOrientationLandscapeRight";
				IPHONEOS_DEPLOYMENT_TARGET = 13.5;
				LD_RUNPATH_SEARCH_PATHS = (
					"$(inherited)",
					"@executable_path/Frameworks",
				);
				MARKETING_VERSION = 1.0;
				PRODUCT_BUNDLE_IDENTIFIER = com.sarigilcagdas.firebase;
				PRODUCT_NAME = "$(TARGET_NAME)";
				SWIFT_EMIT_LOC_STRINGS = YES;
				SWIFT_VERSION = 5.0;
				TARGETED_DEVICE_FAMILY = "1,2";
			};
			name = Release;
		};
		1D11767D2A3C762900C0D738 /* Debug */ = {
			isa = XCBuildConfiguration;
			buildSettings = {
				ALWAYS_EMBED_SWIFT_STANDARD_LIBRARIES = YES;
				BUNDLE_LOADER = "$(TEST_HOST)";
				CODE_SIGN_STYLE = Automatic;
				CURRENT_PROJECT_VERSION = 1;
				DEVELOPMENT_TEAM = K6QQKCTVVC;
				GENERATE_INFOPLIST_FILE = YES;
				IPHONEOS_DEPLOYMENT_TARGET = 16.4;
				MARKETING_VERSION = 1.0;
				PRODUCT_BUNDLE_IDENTIFIER = com.sarigilcagdas.firebaseTests;
				PRODUCT_NAME = "$(TARGET_NAME)";
				SWIFT_EMIT_LOC_STRINGS = NO;
				SWIFT_VERSION = 5.0;
				TARGETED_DEVICE_FAMILY = "1,2";
				TEST_HOST = "$(BUILT_PRODUCTS_DIR)/firebase.app/$(BUNDLE_EXECUTABLE_FOLDER_PATH)/firebase";
			};
			name = Debug;
		};
		1D11767E2A3C762900C0D738 /* Release */ = {
			isa = XCBuildConfiguration;
			buildSettings = {
				ALWAYS_EMBED_SWIFT_STANDARD_LIBRARIES = YES;
				BUNDLE_LOADER = "$(TEST_HOST)";
				CODE_SIGN_STYLE = Automatic;
				CURRENT_PROJECT_VERSION = 1;
				DEVELOPMENT_TEAM = K6QQKCTVVC;
				GENERATE_INFOPLIST_FILE = YES;
				IPHONEOS_DEPLOYMENT_TARGET = 16.4;
				MARKETING_VERSION = 1.0;
				PRODUCT_BUNDLE_IDENTIFIER = com.sarigilcagdas.firebaseTests;
				PRODUCT_NAME = "$(TARGET_NAME)";
				SWIFT_EMIT_LOC_STRINGS = NO;
				SWIFT_VERSION = 5.0;
				TARGETED_DEVICE_FAMILY = "1,2";
				TEST_HOST = "$(BUILT_PRODUCTS_DIR)/firebase.app/$(BUNDLE_EXECUTABLE_FOLDER_PATH)/firebase";
			};
			name = Release;
		};
		1D1176802A3C762900C0D738 /* Debug */ = {
			isa = XCBuildConfiguration;
			buildSettings = {
				ALWAYS_EMBED_SWIFT_STANDARD_LIBRARIES = YES;
				CODE_SIGN_STYLE = Automatic;
				CURRENT_PROJECT_VERSION = 1;
				DEVELOPMENT_TEAM = K6QQKCTVVC;
				GENERATE_INFOPLIST_FILE = YES;
				MARKETING_VERSION = 1.0;
				PRODUCT_BUNDLE_IDENTIFIER = com.sarigilcagdas.firebaseUITests;
				PRODUCT_NAME = "$(TARGET_NAME)";
				SWIFT_EMIT_LOC_STRINGS = NO;
				SWIFT_VERSION = 5.0;
				TARGETED_DEVICE_FAMILY = "1,2";
				TEST_TARGET_NAME = firebase;
			};
			name = Debug;
		};
		1D1176812A3C762900C0D738 /* Release */ = {
			isa = XCBuildConfiguration;
			buildSettings = {
				ALWAYS_EMBED_SWIFT_STANDARD_LIBRARIES = YES;
				CODE_SIGN_STYLE = Automatic;
				CURRENT_PROJECT_VERSION = 1;
				DEVELOPMENT_TEAM = K6QQKCTVVC;
				GENERATE_INFOPLIST_FILE = YES;
				MARKETING_VERSION = 1.0;
				PRODUCT_BUNDLE_IDENTIFIER = com.sarigilcagdas.firebaseUITests;
				PRODUCT_NAME = "$(TARGET_NAME)";
				SWIFT_EMIT_LOC_STRINGS = NO;
				SWIFT_VERSION = 5.0;
				TARGETED_DEVICE_FAMILY = "1,2";
				TEST_TARGET_NAME = firebase;
			};
			name = Release;
		};
/* End XCBuildConfiguration section */

/* Begin XCConfigurationList section */
		1D11764A2A3C762700C0D738 /* Build configuration list for PBXProject "firebase" */ = {
			isa = XCConfigurationList;
			buildConfigurations = (
				1D1176772A3C762900C0D738 /* Debug */,
				1D1176782A3C762900C0D738 /* Release */,
			);
			defaultConfigurationIsVisible = 0;
			defaultConfigurationName = Release;
		};
		1D1176792A3C762900C0D738 /* Build configuration list for PBXNativeTarget "firebase" */ = {
			isa = XCConfigurationList;
			buildConfigurations = (
				1D11767A2A3C762900C0D738 /* Debug */,
				1D11767B2A3C762900C0D738 /* Release */,
			);
			defaultConfigurationIsVisible = 0;
			defaultConfigurationName = Release;
		};
		1D11767C2A3C762900C0D738 /* Build configuration list for PBXNativeTarget "firebaseTests" */ = {
			isa = XCConfigurationList;
			buildConfigurations = (
				1D11767D2A3C762900C0D738 /* Debug */,
				1D11767E2A3C762900C0D738 /* Release */,
			);
			defaultConfigurationIsVisible = 0;
			defaultConfigurationName = Release;
		};
		1D11767F2A3C762900C0D738 /* Build configuration list for PBXNativeTarget "firebaseUITests" */ = {
			isa = XCConfigurationList;
			buildConfigurations = (
				1D1176802A3C762900C0D738 /* Debug */,
				1D1176812A3C762900C0D738 /* Release */,
			);
			defaultConfigurationIsVisible = 0;
			defaultConfigurationName = Release;
		};
/* End XCConfigurationList section */

/* Begin XCRemoteSwiftPackageReference section */
		1D1176842A3C788C00C0D738 /* XCRemoteSwiftPackageReference "firebase-ios-sdk" */ = {
			isa = XCRemoteSwiftPackageReference;
			repositoryURL = "https://github.com/firebase/firebase-ios-sdk";
			requirement = {
				kind = upToNextMajorVersion;
				minimumVersion = 10.0.0;
			};
		};
/* End XCRemoteSwiftPackageReference section */

/* Begin XCSwiftPackageProductDependency section */
		1D1176852A3C788C00C0D738 /* FirebaseDatabase */ = {
			isa = XCSwiftPackageProductDependency;
			package = 1D1176842A3C788C00C0D738 /* XCRemoteSwiftPackageReference "firebase-ios-sdk" */;
			productName = FirebaseDatabase;
		};
/* End XCSwiftPackageProductDependency section */
	};
	rootObject = 1D1176472A3C762700C0D738 /* Project object */;
}
